{
  "name": "branch-map",
  "version": "0.3.0",
  "lockfileVersion": 3,
  "requires": true,
  "packages": {
    "": {
      "name": "branch-map",
      "version": "0.3.0",
      "dependencies": {
        "@chenglou/pretext": "^0.0.9",
        "@highlightjs/cdn-assets": "^11.12.0"
      },
      "engines": {
        "node": ">=20"
      }
    },
    "node_modules/@chenglou/pretext": {
      "version": "0.0.9",
      "resolved": "https://registry.npmjs.org/@chenglou/pretext/-/pretext-0.0.9.tgz",
      "integrity": "sha512-vInlpC//3vjRfWTs78k2BBIq/0bUdpjIp8TIn9fXe0NvnChhTQZfjioVzERQQbkQvCVpPpw7PDOrTWMHpq27VA==",
      "license": "MIT"
    },
    "node_modules/@highlightjs/cdn-assets": {
      "version": "11.12.0",
      "resolved": "https://registry.npmjs.org/@highlightjs/cdn-assets/-/cdn-assets-11.12.0.tgz",
      "integrity": "sha512-KvOKXODaiFmId9xaq3xc5xCL66wVLUuOngDbO9B/kewbFTqdGbn2nJxNhN3H5R1cgDTVj6R8vH0zgiNDEGjpDw==",
      "license": "BSD-3-Clause",
      "engines": {
        "node": ">=12.0.0"
      }
    }
  }
}
